# THIS IS AN AUTOGENERATED FILE. DO NOT EDIT THIS FILE DIRECTLY.
# yarn lockfile v1


chalk@^5.3.0:
  version "5.3.0"
  resolved "https://registry.yarnpkg.com/chalk/-/chalk-5.3.0.tgz#67c20a7ebef70e7f3970a01f90fa210cb6860385"
  integrity sha512-dLitG79d+GV1Nb/VYcCDFivJeK1hiukt9QjRNVOsUtTy1rR1YJsmpGGTZ3qJos+uw7WmWF4wUwBd9jxjocFC2w==

commander@^12.0.0:
  version "12.0.0"
  resolved "https://registry.yarnpkg.com/commander/-/commander-12.0.0.tgz#b929db6df8546080adfd004ab215ed48cf6f2592"
  integrity sha512-MwVNWlYjDTtOjX5PiD7o5pK0UrFU/OYgcJfjjK4RaHZETNtjJqrZa9Y9ds88+A+f+d5lv+561eZ+yCKoS3gbAA==

dotenv@^16.4.3:
  version "16.4.3"
  resolved "https://registry.yarnpkg.com/dotenv/-/dotenv-16.4.3.tgz#481235ec516c4e47d2612a478482ee36607f70c1"
  integrity sha512-II98GFrje5psQTSve0E7bnwMFybNLqT8Vu8JIFWRjsE3khyNUm/loZupuy5DVzG2IXf/ysxvrixYOQnM6mjD3A==

ky@^1.2.0:
  version "1.2.0"
  resolved "https://registry.yarnpkg.com/ky/-/ky-1.2.0.tgz#698be7d2c48cf875d2d4721fc4c69b681877a112"
  integrity sha512-dnPW+T78MuJ9tLAiF/apJV7bP7RRRCARXQxsCmsWiKLXqGtMBOgDVOFRYzCAfNe/OrRyFyor5ESgvvC+QWEqOA==
